{
  "name": "3dtouch-3axis",
  "version": "1.0.0",
  "lockfileVersion": 1,
  "requires": true,
  "dependencies": {
    "pressure": {
      "version": "2.1.2",
      "resolved": "https://registry.npmjs.org/pressure/-/pressure-2.1.2.tgz",
      "integrity": "sha512-ZSargPrrtyDGsWKFQvk3e5i/JM24pRTlb7Wu6RNtQiSzSAwdNw7hmB4+tQ/V2AhC3u4YGx3q2kMYEgtr/6ctXQ=="
    }
  }
}
